# This file is autogenerated, do not edit; changes may be undone by the next 'dep ensure'.


[[projects]]
  branch = "master"
  name = "github.com/bmizerany/assert"
  packages = ["."]
  revision = "b7ed37b82869576c289d7d97fb2bbd8b64a0cb28"

[[projects]]
  branch = "master"
  name = "github.com/kr/pretty"
  packages = ["."]
  revision = "cfb55aafdaf3ec08f0db22699ab822c50091b1c4"

[[projects]]
  branch = "master"
  name = "github.com/kr/text"
  packages = ["."]
  revision = "7cafcd837844e784b526369c9bce262804aebc60"

[[projects]]
  branch = "master"
  name = "github.com/philhofer/fwd"
  packages = ["."]
  revision = "bb6d471dc95d4fe11e432687f8b70ff496cf3136"

[[projects]]
  name = "github.com/tinylib/msgp"
  packages = ["msgp"]
  revision = "b2b6a672cf1e5b90748f79b8b81fc8c5cf0571a1"
  version = "v1.0.2"

[solve-meta]
  analyzer-name = "dep"
  analyzer-version = 1
  inputs-digest = "129dab9a682686a366855e6ceef055cbe049173ebe520d9dd2aa54bbc7af55fd"
  solver-name = "gps-cdcl"
  solver-version = 1
